
Microsoft Visual Studio Solution File, Format Version 12.00
# Visual Studio Version 16
VisualStudioVersion = 16.0.31624.102
MinimumVisualStudioVersion = 10.0.40219.1
Project("{FAE04EC0-301F-11D3-BF4B-00C04F79EFBC}") = "DotNetBanking", "DotNetBanking\DotNetBanking.csproj", "{5616FD40-14E2-496A-9B9C-87A09FA150EC}"
EndProject
Project("{FAE04EC0-301F-11D3-BF4B-00C04F79EFBC}") = "Banking.Core", "Banking.Core\Banking.Core.csproj", "{5ACB040D-054C-4195-B49A-FA0BC97B34FF}"
EndProject
Project("{FAE04EC0-301F-11D3-BF4B-00C04F79EFBC}") = "Banking.Data", "Banking.Data\Banking.Data.csproj", "{D7F9B9EC-3738-42E8-A479-0479652896DB}"
EndProject
Global
	GlobalSection(SolutionConfigurationPlatforms) = preSolution
		Debug|Any CPU = Debug|Any CPU
		Release|Any CPU = Release|Any CPU
	EndGlobalSection
	GlobalSection(ProjectConfigurationPlatforms) = postSolution
		{5616FD40-14E2-496A-9B9C-87A09FA150EC}.Debug|Any CPU.ActiveCfg = Debug|Any CPU
		{5616FD40-14E2-496A-9B9C-87A09FA150EC}.Debug|Any CPU.Build.0 = Debug|Any CPU
		{5616FD40-14E2-496A-9B9C-87A09FA150EC}.Release|Any CPU.ActiveCfg = Release|Any CPU
		{5616FD40-14E2-496A-9B9C-87A09FA150EC}.Release|Any CPU.Build.0 = Release|Any CPU
		{5ACB040D-054C-4195-B49A-FA0BC97B34FF}.Debug|Any CPU.ActiveCfg = Debug|Any CPU
		{5ACB040D-054C-4195-B49A-FA0BC97B34FF}.Debug|Any CPU.Build.0 = Debug|Any CPU
		{5ACB040D-054C-4195-B49A-FA0BC97B34FF}.Release|Any CPU.ActiveCfg = Release|Any CPU
		{5ACB040D-054C-4195-B49A-FA0BC97B34FF}.Release|Any CPU.Build.0 = Release|Any CPU
		{D7F9B9EC-3738-42E8-A479-0479652896DB}.Debug|Any CPU.ActiveCfg = Debug|Any CPU
		{D7F9B9EC-3738-42E8-A479-0479652896DB}.Debug|Any CPU.Build.0 = Debug|Any CPU
		{D7F9B9EC-3738-42E8-A479-0479652896DB}.Release|Any CPU.ActiveCfg = Release|Any CPU
		{D7F9B9EC-3738-42E8-A479-0479652896DB}.Release|Any CPU.Build.0 = Release|Any CPU
	EndGlobalSection
	GlobalSection(SolutionProperties) = preSolution
		HideSolutionNode = FALSE
	EndGlobalSection
	GlobalSection(ExtensibilityGlobals) = postSolution
		SolutionGuid = {29C35615-B2A2-4EC7-8709-FD2034B4F110}
	EndGlobalSection
EndGlobal
